
Microsoft Visual Studio Solution File, Format Version 12.00
# Visual Studio Version 17
VisualStudioVersion = 17.8.34309.116
MinimumVisualStudioVersion = 10.0.40219.1
Project("{FAE04EC0-301F-11D3-BF4B-00C04F79EFBC}") = "MGS Keyboard RFID Scanner", "MGS Keyboard RFID Scanner\MGS Keyboard RFID Scanner.csproj", "{2018C375-9206-43A8-BBB4-DBF1EAD6C055}"
EndProject
Global
	GlobalSection(SolutionConfigurationPlatforms) = preSolution
		Debug|Any CPU = Debug|Any CPU
		Release|Any CPU = Release|Any CPU
	EndGlobalSection
	GlobalSection(ProjectConfigurationPlatforms) = postSolution
		{2018C375-9206-43A8-BBB4-DBF1EAD6C055}.Debug|Any CPU.ActiveCfg = Debug|Any CPU
		{2018C375-9206-43A8-BBB4-DBF1EAD6C055}.Debug|Any CPU.Build.0 = Debug|Any CPU
		{2018C375-9206-43A8-BBB4-DBF1EAD6C055}.Release|Any CPU.ActiveCfg = Release|Any CPU
		{2018C375-9206-43A8-BBB4-DBF1EAD6C055}.Release|Any CPU.Build.0 = Release|Any CPU
	EndGlobalSection
	GlobalSection(SolutionProperties) = preSolution
		HideSolutionNode = FALSE
	EndGlobalSection
	GlobalSection(ExtensibilityGlobals) = postSolution
		SolutionGuid = {46CC8B52-96E5-46A2-A9E4-D8B64A65318A}
	EndGlobalSection
EndGlobal
